#MicroXplorer Configuration settings - do not modify
ADC1.Channel-32\#ChannelRegularConversion=ADC_CHANNEL_TEMPSENSOR
ADC1.ClockPrescaler=ADC_CLOCK_SYNC_PCLK_DIV4
ADC1.IPParameters=Rank-32\#ChannelRegularConversion,Channel-32\#ChannelRegularConversion,SamplingTime-32\#ChannelRegularConversion,OffsetNumber-32\#ChannelRegularConversion,Offset-32\#ChannelRegularConversion,NbrOfConversionFlag,ClockPrescaler,master,SubFamily
ADC1.NbrOfConversionFlag=1
ADC1.Offset-32\#ChannelRegularConversion=0
ADC1.OffsetNumber-32\#ChannelRegularConversion=ADC_OFFSET_NONE
ADC1.Rank-32\#ChannelRegularConversion=1
ADC1.SamplingTime-32\#ChannelRegularConversion=ADC_SAMPLETIME_1CYCLE_5
ADC1.SubFamily=STM32F334x8
ADC1.master=1
ADC2.Channel-8\#ChannelRegularConversion=ADC_CHANNEL_1
ADC2.ClockPrescaler=ADC_CLOCK_SYNC_PCLK_DIV4
ADC2.IPParameters=Rank-8\#ChannelRegularConversion,Channel-8\#ChannelRegularConversion,SamplingTime-8\#ChannelRegularConversion,OffsetNumber-8\#ChannelRegularConversion,Offset-8\#ChannelRegularConversion,NbrOfConversionFlag,ClockPrescaler,SubFamily
ADC2.NbrOfConversionFlag=1
ADC2.Offset-8\#ChannelRegularConversion=0
ADC2.OffsetNumber-8\#ChannelRegularConversion=ADC_OFFSET_NONE
ADC2.Rank-8\#ChannelRegularConversion=1
ADC2.SamplingTime-8\#ChannelRegularConversion=ADC_SAMPLETIME_1CYCLE_5
ADC2.SubFamily=STM32F334x8
CAN.BS1=CAN_BS1_5TQ
CAN.BS2=CAN_BS2_2TQ
CAN.CalculateTimeBit=2000
CAN.CalculateTimeQuantum=250.0
CAN.IPParameters=CalculateTimeQuantum,CalculateTimeBit,BS1,BS2,Prescaler
CAN.Prescaler=9
File.Version=6
I2C1.IPParameters=Timing
I2C1.Timing=0x10808DD3
KeepUserPlacement=false
Mcu.Family=STM32F3
Mcu.IP0=ADC1
Mcu.IP1=ADC2
Mcu.IP2=CAN
Mcu.IP3=HRTIM1
Mcu.IP4=I2C1
Mcu.IP5=IWDG
Mcu.IP6=NVIC
Mcu.IP7=RCC
Mcu.IP8=SYS
Mcu.IP9=USART2
Mcu.IPNb=10
Mcu.Name=STM32F334K(4-6-8)Tx
Mcu.Package=LQFP32
Mcu.Pin0=PF0 / OSC_IN
Mcu.Pin1=PF1 / OSC_OUT
Mcu.Pin10=PB0
Mcu.Pin11=PB1
Mcu.Pin12=PA8
Mcu.Pin13=PA9
Mcu.Pin14=PA10
Mcu.Pin15=PA11
Mcu.Pin16=PA12
Mcu.Pin17=PA13
Mcu.Pin18=PA14
Mcu.Pin19=PA15
Mcu.Pin2=PA0
Mcu.Pin20=PB6
Mcu.Pin21=PB7
Mcu.Pin22=VP_ADC1_TempSens_Input
Mcu.Pin23=VP_HRTIM1_VS_hrtimMasterTimerNoOutput
Mcu.Pin24=VP_IWDG_VS_IWDG
Mcu.Pin25=VP_SYS_VS_Systick
Mcu.Pin3=PA1
Mcu.Pin4=PA2
Mcu.Pin5=PA3
Mcu.Pin6=PA4
Mcu.Pin7=PA5
Mcu.Pin8=PA6
Mcu.Pin9=PA7
Mcu.PinsNb=26
Mcu.UserConstants=
Mcu.UserName=STM32F334K8Tx
MxCube.Version=4.15.1
MxDb.Version=DB.4.0.151
NVIC.BusFault_IRQn=true\:0\:0\:false\:false\:true
NVIC.DebugMonitor_IRQn=true\:0\:0\:false\:false\:true
NVIC.HardFault_IRQn=true\:0\:0\:false\:false\:true
NVIC.MemoryManagement_IRQn=true\:0\:0\:false\:false\:true
NVIC.NonMaskableInt_IRQn=true\:0\:0\:false\:false\:true
NVIC.PendSV_IRQn=true\:0\:0\:false\:false\:true
NVIC.PriorityGroup=NVIC_PRIORITYGROUP_4
NVIC.SVCall_IRQn=true\:0\:0\:false\:false\:true
NVIC.SysTick_IRQn=true\:0\:0\:false\:false\:true
NVIC.UsageFault_IRQn=true\:0\:0\:false\:false\:true
PA0.GPIOParameters=GPIO_Label
PA0.GPIO_Label=NTC1
PA0.Locked=true
PA0.Mode=IN1-Differential
PA0.Signal=ADC1_IN1
PA1.GPIOParameters=GPIO_Label
PA1.GPIO_Label=NTC2
PA1.Locked=true
PA1.Mode=IN1-Differential
PA1.Signal=ADC1_IN2
PA10.GPIOParameters=GPIO_Label
PA10.GPIO_Label=PWM_HSE1
PA10.Locked=true
PA10.Signal=GPIO_Output
PA11.Mode=Master
PA11.Signal=CAN_RX
PA12.Mode=Master
PA12.Signal=CAN_TX
PA13.Locked=true
PA13.Mode=Serial_Wire
PA13.Signal=SYS_JTMS-SWDIO
PA14.Locked=true
PA14.Mode=Serial_Wire
PA14.Signal=SYS_JTCK-SWCLK
PA15.GPIOParameters=GPIO_Label
PA15.GPIO_Label=PWM_HSE2
PA15.Locked=true
PA15.Signal=GPIO_Output
PA2.Locked=true
PA2.Mode=Asynchronous
PA2.Signal=USART2_TX
PA3.Locked=true
PA3.Mode=Asynchronous
PA3.Signal=USART2_RX
PA4.GPIOParameters=GPIO_Label
PA4.GPIO_Label=VBattSense
PA4.Locked=true
PA4.Mode=IN1-Single-Ended
PA4.Signal=ADC2_IN1
PA5.GPIOParameters=GPIO_Label
PA5.GPIO_Label=LED_STATUS
PA5.Locked=true
PA5.Signal=GPIO_Output
PA6.GPIOParameters=GPIO_Label
PA6.GPIO_Label=LED_CAN_ERROR
PA6.Locked=true
PA6.Signal=GPIO_Output
PA7.GPIOParameters=GPIO_Label
PA7.GPIO_Label=LED_CAN_RUN
PA7.Locked=true
PA7.Signal=GPIO_Output
PA8.GPIOParameters=GPIO_Label
PA8.GPIO_Label=PWM_PH1
PA8.Locked=true
PA8.Mode=Output_TA1TA2
PA8.Signal=HRTIM1_CHA1
PA9.GPIOParameters=GPIO_Label
PA9.GPIO_Label=PWM_PH2
PA9.Locked=true
PA9.Mode=Output_TA1TA2
PA9.Signal=HRTIM1_CHA2
PB0.GPIOParameters=GPIO_Label
PB0.GPIO_Label=LED_TRACKING_UP
PB0.Locked=true
PB0.Signal=GPIO_Output
PB1.GPIOParameters=GPIO_Label
PB1.GPIO_Label=LED_TRACKING_DOWN
PB1.Locked=true
PB1.Signal=GPIO_Output
PB6.Locked=true
PB6.Mode=I2C
PB6.Signal=I2C1_SCL
PB7.Locked=true
PB7.Mode=I2C
PB7.Signal=I2C1_SDA
PCC.Checker=false
PCC.Line=STM32F334
PCC.MCU=STM32F334K(4-6-8)Tx
PCC.MXVersion=4.15.1
PCC.PartNumber=STM32F334K8Tx
PCC.Seq0=0
PCC.Series=STM32F3
PCC.Temperature=25
PCC.Vdd=3.6
PF0\ /\ OSC_IN.Locked=true
PF0\ /\ OSC_IN.Mode=HSE-External-Oscillator
PF0\ /\ OSC_IN.Signal=RCC_OSC_IN
PF1\ /\ OSC_OUT.Locked=true
PF1\ /\ OSC_OUT.Mode=HSE-External-Oscillator
PF1\ /\ OSC_OUT.Signal=RCC_OSC_OUT
RCC.ADC12outputFreq_Value=72000000
RCC.AHBFreq_Value=72000000
RCC.APB1CLKDivider=RCC_HCLK_DIV2
RCC.APB1Freq_Value=36000000
RCC.APB1TimFreq_Value=72000000
RCC.APB2Freq_Value=72000000
RCC.APB2TimFreq_Value=72000000
RCC.CortexFreq_Value=72000000
RCC.FCLKCortexFreq_Value=72000000
RCC.FamilyName=M
RCC.HCLKFreq_Value=72000000
RCC.HRTIM1Freq_Value=144000000
RCC.HRTIMSelection=RCC_HRTIM1CLK_PLLCLK
RCC.HSEPLLFreq_Value=12000000
RCC.HSE_VALUE=12000000
RCC.HSIPLLFreq_Value=4000000
RCC.HSIState=RCC_HSI_ON
RCC.HSI_VALUE=8000000
RCC.I2C1Freq_Value=72000000
RCC.I2c1ClockSelection=RCC_I2C1CLKSOURCE_SYSCLK
RCC.IPParameters=ADC12outputFreq_Value,AHBFreq_Value,APB1CLKDivider,APB1Freq_Value,APB1TimFreq_Value,APB2Freq_Value,APB2TimFreq_Value,CortexFreq_Value,FCLKCortexFreq_Value,FamilyName,HCLKFreq_Value,HRTIM1Freq_Value,HRTIMSelection,HSEPLLFreq_Value,HSE_VALUE,HSIPLLFreq_Value,HSIState,HSI_VALUE,I2C1Freq_Value,I2c1ClockSelection,LSI_VALUE,MCOFreq_Value,PLLCLKFreq_Value,PLLMCOFreq_Value,PLLMUL,PLLSourceVirtual,RTCFreq_Value,RTCHSEDivFreq_Value,SYSCLKFreq_VALUE,SYSCLKSourceVirtual,TIM1Freq_Value,TIM2Freq_Value,USART1Freq_Value,VCOOutput2Freq_Value
RCC.LSI_VALUE=40000
RCC.MCOFreq_Value=72000000
RCC.PLLCLKFreq_Value=72000000
RCC.PLLMCOFreq_Value=72000000
RCC.PLLMUL=RCC_PLL_MUL6
RCC.PLLSourceVirtual=RCC_PLLSOURCE_HSE
RCC.RTCFreq_Value=40000
RCC.RTCHSEDivFreq_Value=375000
RCC.SYSCLKFreq_VALUE=72000000
RCC.SYSCLKSourceVirtual=RCC_SYSCLKSOURCE_PLLCLK
RCC.TIM1Freq_Value=72000000
RCC.TIM2Freq_Value=72000000
RCC.USART1Freq_Value=36000000
RCC.VCOOutput2Freq_Value=12000000
USART2.BaudRate=115200
USART2.IPParameters=WordLength,BaudRate
USART2.WordLength=UART_WORDLENGTH_8B
VP_ADC1_TempSens_Input.Mode=IN-TempSens
VP_ADC1_TempSens_Input.Signal=ADC1_TempSens_Input
VP_HRTIM1_VS_hrtimMasterTimerNoOutput.Mode=MasterTimer
VP_HRTIM1_VS_hrtimMasterTimerNoOutput.Signal=HRTIM1_VS_hrtimMasterTimerNoOutput
VP_IWDG_VS_IWDG.Mode=IWDG_Activate
VP_IWDG_VS_IWDG.Signal=IWDG_VS_IWDG
VP_SYS_VS_Systick.Mode=SysTick
VP_SYS_VS_Systick.Signal=SYS_VS_Systick
